
Microsoft Visual Studio Solution File, Format Version 12.00
# Visual Studio Version 17
VisualStudioVersion = 17.2.32602.215
MinimumVisualStudioVersion = 10.0.40219.1
Project("{FAE04EC0-301F-11D3-BF4B-00C04F79EFBC}") = "ParseVlansTests", "ParseVlansTests\ParseVlansTests.csproj", "{07356AD0-6565-4768-8F35-9483A6A4C442}"
EndProject
Project("{FAE04EC0-301F-11D3-BF4B-00C04F79EFBC}") = "ParseVlans", "ParseVlans\ParseVlans.csproj", "{26A2B5F1-0AD3-4EF1-99B9-624E627858A9}"
EndProject
Global
	GlobalSection(SolutionConfigurationPlatforms) = preSolution
		Debug|Any CPU = Debug|Any CPU
		Release|Any CPU = Release|Any CPU
	EndGlobalSection
	GlobalSection(ProjectConfigurationPlatforms) = postSolution
		{07356AD0-6565-4768-8F35-9483A6A4C442}.Debug|Any CPU.ActiveCfg = Debug|Any CPU
		{07356AD0-6565-4768-8F35-9483A6A4C442}.Debug|Any CPU.Build.0 = Debug|Any CPU
		{07356AD0-6565-4768-8F35-9483A6A4C442}.Release|Any CPU.ActiveCfg = Release|Any CPU
		{07356AD0-6565-4768-8F35-9483A6A4C442}.Release|Any CPU.Build.0 = Release|Any CPU
		{26A2B5F1-0AD3-4EF1-99B9-624E627858A9}.Debug|Any CPU.ActiveCfg = Debug|Any CPU
		{26A2B5F1-0AD3-4EF1-99B9-624E627858A9}.Debug|Any CPU.Build.0 = Debug|Any CPU
		{26A2B5F1-0AD3-4EF1-99B9-624E627858A9}.Release|Any CPU.ActiveCfg = Release|Any CPU
		{26A2B5F1-0AD3-4EF1-99B9-624E627858A9}.Release|Any CPU.Build.0 = Release|Any CPU
	EndGlobalSection
	GlobalSection(SolutionProperties) = preSolution
		HideSolutionNode = FALSE
	EndGlobalSection
	GlobalSection(ExtensibilityGlobals) = postSolution
		SolutionGuid = {1AAF00AC-78FB-430C-98BA-D4E110F14DBF}
	EndGlobalSection
EndGlobal
